
Microsoft Visual Studio Solution File, Format Version 11.00
# Visual Basic Express 2010
Project("{F184B08F-C81C-45F6-A57F-5ABD9991F28F}") = "Manipulating Properties", "Manipulating Properties\Manipulating Properties.vbproj", "{18A46BFD-76E9-4A3D-A5D9-6BC2F016B3B6}"
EndProject
Global
	GlobalSection(SolutionConfigurationPlatforms) = preSolution
		Debug|x86 = Debug|x86
		Release|x86 = Release|x86
	EndGlobalSection
	GlobalSection(ProjectConfigurationPlatforms) = postSolution
		{18A46BFD-76E9-4A3D-A5D9-6BC2F016B3B6}.Debug|x86.ActiveCfg = Debug|x86
		{18A46BFD-76E9-4A3D-A5D9-6BC2F016B3B6}.Debug|x86.Build.0 = Debug|x86
		{18A46BFD-76E9-4A3D-A5D9-6BC2F016B3B6}.Release|x86.ActiveCfg = Release|x86
		{18A46BFD-76E9-4A3D-A5D9-6BC2F016B3B6}.Release|x86.Build.0 = Release|x86
	EndGlobalSection
	GlobalSection(SolutionProperties) = preSolution
		HideSolutionNode = FALSE
	EndGlobalSection
EndGlobal
