
Microsoft Visual Studio Solution File, Format Version 11.00
# Visual Basic Express 2010
Project("{F184B08F-C81C-45F6-A57F-5ABD9991F28F}") = "groupbox", "groupbox\groupbox.vbproj", "{E92A95AF-A917-468B-B548-2C8D343D5A17}"
EndProject
Global
	GlobalSection(SolutionConfigurationPlatforms) = preSolution
		Debug|x86 = Debug|x86
		Release|x86 = Release|x86
	EndGlobalSection
	GlobalSection(ProjectConfigurationPlatforms) = postSolution
		{E92A95AF-A917-468B-B548-2C8D343D5A17}.Debug|x86.ActiveCfg = Debug|x86
		{E92A95AF-A917-468B-B548-2C8D343D5A17}.Debug|x86.Build.0 = Debug|x86
		{E92A95AF-A917-468B-B548-2C8D343D5A17}.Release|x86.ActiveCfg = Release|x86
		{E92A95AF-A917-468B-B548-2C8D343D5A17}.Release|x86.Build.0 = Release|x86
	EndGlobalSection
	GlobalSection(SolutionProperties) = preSolution
		HideSolutionNode = FALSE
	EndGlobalSection
EndGlobal
