
Microsoft Visual Studio Solution File, Format Version 11.00
# Visual Basic Express 2010
Project("{F184B08F-C81C-45F6-A57F-5ABD9991F28F}") = "Test 2 Ahmed Hassanein", "Test 2 Ahmed Hassanein\Test 2 Ahmed Hassanein.vbproj", "{3C2F272B-3146-4281-8442-6E3985848504}"
EndProject
Global
	GlobalSection(SolutionConfigurationPlatforms) = preSolution
		Debug|x86 = Debug|x86
		Release|x86 = Release|x86
	EndGlobalSection
	GlobalSection(ProjectConfigurationPlatforms) = postSolution
		{3C2F272B-3146-4281-8442-6E3985848504}.Debug|x86.ActiveCfg = Debug|x86
		{3C2F272B-3146-4281-8442-6E3985848504}.Debug|x86.Build.0 = Debug|x86
		{3C2F272B-3146-4281-8442-6E3985848504}.Release|x86.ActiveCfg = Release|x86
		{3C2F272B-3146-4281-8442-6E3985848504}.Release|x86.Build.0 = Release|x86
	EndGlobalSection
	GlobalSection(SolutionProperties) = preSolution
		HideSolutionNode = FALSE
	EndGlobalSection
EndGlobal
